
Microsoft Visual Studio Solution File, Format Version 12.00
# Visual Studio 15
VisualStudioVersion = 15.0.27703.2042
MinimumVisualStudioVersion = 10.0.40219.1
Project("{FAE04EC0-301F-11D3-BF4B-00C04F79EFBC}") = "BI5", "BI5\BI5.csproj", "{89B90FAE-4295-4A57-88DA-4DBD1868D4EC}"
EndProject
Global
	GlobalSection(SolutionConfigurationPlatforms) = preSolution
		Debug|Any CPU = Debug|Any CPU
		Release|Any CPU = Release|Any CPU
	EndGlobalSection
	GlobalSection(ProjectConfigurationPlatforms) = postSolution
		{89B90FAE-4295-4A57-88DA-4DBD1868D4EC}.Debug|Any CPU.ActiveCfg = Debug|Any CPU
		{89B90FAE-4295-4A57-88DA-4DBD1868D4EC}.Debug|Any CPU.Build.0 = Debug|Any CPU
		{89B90FAE-4295-4A57-88DA-4DBD1868D4EC}.Release|Any CPU.ActiveCfg = Release|Any CPU
		{89B90FAE-4295-4A57-88DA-4DBD1868D4EC}.Release|Any CPU.Build.0 = Release|Any CPU
	EndGlobalSection
	GlobalSection(SolutionProperties) = preSolution
		HideSolutionNode = FALSE
	EndGlobalSection
	GlobalSection(ExtensibilityGlobals) = postSolution
		SolutionGuid = {491842E6-E990-4432-84D1-E8C2A12A8C7F}
	EndGlobalSection
EndGlobal
